# This file was autogenerated by Stack.
# You should not edit this file by hand.
# For more information, please see the documentation at:
#   https://docs.haskellstack.org/en/stable/lock_files

packages:
- completed:
    hackage: Unique-0.4.7.7@sha256:2269d3528271e25d34542e7c24a4e541e27ec33460e1ea00845da95b82eec6fa,2777
    pantry-tree:
      size: 1366
      sha256: 65b9779a0d9502efffea5c93c44d260edc97f8efeaa21e6a302e0fc94f4ff5c7
  original:
    hackage: Unique-0.4.7.7
snapshots:
- completed:
    size: 524164
    url: https://raw.githubusercontent.com/commercialhaskell/stackage-snapshots/master/lts/14/22.yaml
    sha256: 7ad8f33179b32d204165a3a662c6269464a47a7e65a30abc38d01b5a38ec42c0
  original: lts-14.22
